
Microsoft Visual Studio Solution File, Format Version 12.00
# Visual Studio Version 17
VisualStudioVersion = 17.8.34330.188
MinimumVisualStudioVersion = 10.0.40219.1
Project("{FAE04EC0-301F-11D3-BF4B-00C04F79EFBC}") = "NumPuzzle", "NumPuzzle\NumPuzzle.csproj", "{AF9C4C63-1F4B-48DF-8326-F583A3697565}"
EndProject
Global
	GlobalSection(SolutionConfigurationPlatforms) = preSolution
		Debug|Any CPU = Debug|Any CPU
		Release|Any CPU = Release|Any CPU
	EndGlobalSection
	GlobalSection(ProjectConfigurationPlatforms) = postSolution
		{AF9C4C63-1F4B-48DF-8326-F583A3697565}.Debug|Any CPU.ActiveCfg = Debug|Any CPU
		{AF9C4C63-1F4B-48DF-8326-F583A3697565}.Debug|Any CPU.Build.0 = Debug|Any CPU
		{AF9C4C63-1F4B-48DF-8326-F583A3697565}.Release|Any CPU.ActiveCfg = Release|Any CPU
		{AF9C4C63-1F4B-48DF-8326-F583A3697565}.Release|Any CPU.Build.0 = Release|Any CPU
	EndGlobalSection
	GlobalSection(SolutionProperties) = preSolution
		HideSolutionNode = FALSE
	EndGlobalSection
	GlobalSection(ExtensibilityGlobals) = postSolution
		SolutionGuid = {CB5FB0C4-9C27-4605-A881-215B5D66532B}
	EndGlobalSection
EndGlobal
